// !$*UTF8*$!
{
	archiveVersion = 1;
	classes = {
	};
	objectVersion = 51;
	objects = {

/* Begin PBXBuildFile section */
		031B2A1C22BE24D400C0B5B8 /* AppDelegate.swift in Sources */ = {isa = PBXBuildFile; fileRef = 031B2A1B22BE24D400C0B5B8 /* AppDelegate.swift */; };
		031B2A1E22BE24D400C0B5B8 /* SelectPersonVC.swift in Sources */ = {isa = PBXBuildFile; fileRef = 031B2A1D22BE24D400C0B5B8 /* SelectPersonVC.swift */; };
		031B2A2122BE24D400C0B5B8 /* Main.storyboard in Resources */ = {isa = PBXBuildFile; fileRef = 031B2A1F22BE24D400C0B5B8 /* Main.storyboard */; };
		031B2A2322BE24D700C0B5B8 /* Assets.xcassets in Resources */ = {isa = PBXBuildFile; fileRef = 031B2A2222BE24D700C0B5B8 /* Assets.xcassets */; };
		031B2A2622BE24D700C0B5B8 /* LaunchScreen.storyboard in Resources */ = {isa = PBXBuildFile; fileRef = 031B2A2422BE24D700C0B5B8 /* LaunchScreen.storyboard */; };
		031B2A3022BE2C5C00C0B5B8 /* Starjedi.ttf in Resources */ = {isa = PBXBuildFile; fileRef = 031B2A2D22BE2C5B00C0B5B8 /* Starjedi.ttf */; };
		031B2A3122BE2C5C00C0B5B8 /* Starjout.ttf in Resources */ = {isa = PBXBuildFile; fileRef = 031B2A2E22BE2C5B00C0B5B8 /* Starjout.ttf */; };
		031B2A3222BE2C5C00C0B5B8 /* Starjhol.ttf in Resources */ = {isa = PBXBuildFile; fileRef = 031B2A2F22BE2C5C00C0B5B8 /* Starjhol.ttf */; };
		031B2A3922BE64B800C0B5B8 /* BlackBgView.swift in Sources */ = {isa = PBXBuildFile; fileRef = 031B2A3822BE64B800C0B5B8 /* BlackBgView.swift */; };
		031B2A3C22BE659800C0B5B8 /* Constants.swift in Sources */ = {isa = PBXBuildFile; fileRef = 031B2A3B22BE659800C0B5B8 /* Constants.swift */; };
		031B2A3F22BEF41000C0B5B8 /* PersonApi.swift in Sources */ = {isa = PBXBuildFile; fileRef = 031B2A3E22BEF41000C0B5B8 /* PersonApi.swift */; };
		031B2A4122BF017100C0B5B8 /* Person.swift in Sources */ = {isa = PBXBuildFile; fileRef = 031B2A4022BF017100C0B5B8 /* Person.swift */; };
		031B2A4322BFC21300C0B5B8 /* FadeEnabledButton.swift in Sources */ = {isa = PBXBuildFile; fileRef = 031B2A4222BFC21300C0B5B8 /* FadeEnabledButton.swift */; };
		031B2A4522BFCC7700C0B5B8 /* HomeworldVC.swift in Sources */ = {isa = PBXBuildFile; fileRef = 031B2A4422BFCC7700C0B5B8 /* HomeworldVC.swift */; };
		031B2A4722BFCC9D00C0B5B8 /* VehiclesVC.swift in Sources */ = {isa = PBXBuildFile; fileRef = 031B2A4622BFCC9D00C0B5B8 /* VehiclesVC.swift */; };
		031B2A4922BFCCD200C0B5B8 /* StarshipsVC.swift in Sources */ = {isa = PBXBuildFile; fileRef = 031B2A4822BFCCD200C0B5B8 /* StarshipsVC.swift */; };
		031B2A4B22BFCD0700C0B5B8 /* FilmsVC.swift in Sources */ = {isa = PBXBuildFile; fileRef = 031B2A4A22BFCD0700C0B5B8 /* FilmsVC.swift */; };
		03FCD47C22C11BAD009776E6 /* Homeworld.swift in Sources */ = {isa = PBXBuildFile; fileRef = 03FCD47B22C11BAD009776E6 /* Homeworld.swift */; };
		03FCD47E22C256FB009776E6 /* HomeworldApi.swift in Sources */ = {isa = PBXBuildFile; fileRef = 03FCD47D22C256FB009776E6 /* HomeworldApi.swift */; };
		03FCD48022C267C9009776E6 /* Vehicle.swift in Sources */ = {isa = PBXBuildFile; fileRef = 03FCD47F22C267C9009776E6 /* Vehicle.swift */; };
		03FCD48222C26E16009776E6 /* VehicleApi.swift in Sources */ = {isa = PBXBuildFile; fileRef = 03FCD48122C26E16009776E6 /* VehicleApi.swift */; };
		03FCD48422C2EC1D009776E6 /* Starship.swift in Sources */ = {isa = PBXBuildFile; fileRef = 03FCD48322C2EC1D009776E6 /* Starship.swift */; };
		03FCD48622C2ED84009776E6 /* StarshipApi.swift in Sources */ = {isa = PBXBuildFile; fileRef = 03FCD48522C2ED84009776E6 /* StarshipApi.swift */; };
		DC2D147AE79E74996A81CE13 /* Pods_StarTrivia.framework in Frameworks */ = {isa = PBXBuildFile; fileRef = B6F842E007AC4149246C4C7A /* Pods_StarTrivia.framework */; };
/* End PBXBuildFile section */

/* Begin PBXFileReference section */
		031B2A1822BE24D400C0B5B8 /* StarTrivia.app */ = {isa = PBXFileReference; explicitFileType = wrapper.application; includeInIndex = 0; path = StarTrivia.app; sourceTree = BUILT_PRODUCTS_DIR; };
		031B2A1B22BE24D400C0B5B8 /* AppDelegate.swift */ = {isa = PBXFileReference; lastKnownFileType = sourcecode.swift; path = AppDelegate.swift; sourceTree = "<group>"; };
		031B2A1D22BE24D400C0B5B8 /* SelectPersonVC.swift */ = {isa = PBXFileReference; lastKnownFileType = sourcecode.swift; path = SelectPersonVC.swift; sourceTree = "<group>"; };
		031B2A2022BE24D400C0B5B8 /* Base */ = {isa = PBXFileReference; lastKnownFileType = file.storyboard; name = Base; path = Base.lproj/Main.storyboard; sourceTree = "<group>"; };
		031B2A2222BE24D700C0B5B8 /* Assets.xcassets */ = {isa = PBXFileReference; lastKnownFileType = folder.assetcatalog; path = Assets.xcassets; sourceTree = "<group>"; };
		031B2A2522BE24D700C0B5B8 /* Base */ = {isa = PBXFileReference; lastKnownFileType = file.storyboard; name = Base; path = Base.lproj/LaunchScreen.storyboard; sourceTree = "<group>"; };
		031B2A2722BE24D700C0B5B8 /* Info.plist */ = {isa = PBXFileReference; lastKnownFileType = text.plist.xml; path = Info.plist; sourceTree = "<group>"; };
		031B2A2D22BE2C5B00C0B5B8 /* Starjedi.ttf */ = {isa = PBXFileReference; lastKnownFileType = file; path = Starjedi.ttf; sourceTree = "<group>"; };
		031B2A2E22BE2C5B00C0B5B8 /* Starjout.ttf */ = {isa = PBXFileReference; lastKnownFileType = file; path = Starjout.ttf; sourceTree = "<group>"; };
		031B2A2F22BE2C5C00C0B5B8 /* Starjhol.ttf */ = {isa = PBXFileReference; lastKnownFileType = file; path = Starjhol.ttf; sourceTree = "<group>"; };
		031B2A3822BE64B800C0B5B8 /* BlackBgView.swift */ = {isa = PBXFileReference; lastKnownFileType = sourcecode.swift; path = BlackBgView.swift; sourceTree = "<group>"; };
		031B2A3B22BE659800C0B5B8 /* Constants.swift */ = {isa = PBXFileReference; lastKnownFileType = sourcecode.swift; path = Constants.swift; sourceTree = "<group>"; };
		031B2A3E22BEF41000C0B5B8 /* PersonApi.swift */ = {isa = PBXFileReference; lastKnownFileType = sourcecode.swift; path = PersonApi.swift; sourceTree = "<group>"; };
		031B2A4022BF017100C0B5B8 /* Person.swift */ = {isa = PBXFileReference; lastKnownFileType = sourcecode.swift; path = Person.swift; sourceTree = "<group>"; };
		031B2A4222BFC21300C0B5B8 /* FadeEnabledButton.swift */ = {isa = PBXFileReference; lastKnownFileType = sourcecode.swift; path = FadeEnabledButton.swift; sourceTree = "<group>"; };
		031B2A4422BFCC7700C0B5B8 /* HomeworldVC.swift */ = {isa = PBXFileReference; lastKnownFileType = sourcecode.swift; path = HomeworldVC.swift; sourceTree = "<group>"; };
		031B2A4622BFCC9D00C0B5B8 /* VehiclesVC.swift */ = {isa = PBXFileReference; lastKnownFileType = sourcecode.swift; path = VehiclesVC.swift; sourceTree = "<group>"; };
		031B2A4822BFCCD200C0B5B8 /* StarshipsVC.swift */ = {isa = PBXFileReference; lastKnownFileType = sourcecode.swift; path = StarshipsVC.swift; sourceTree = "<group>"; };
		031B2A4A22BFCD0700C0B5B8 /* FilmsVC.swift */ = {isa = PBXFileReference; lastKnownFileType = sourcecode.swift; path = FilmsVC.swift; sourceTree = "<group>"; };
		03FCD47B22C11BAD009776E6 /* Homeworld.swift */ = {isa = PBXFileReference; lastKnownFileType = sourcecode.swift; path = Homeworld.swift; sourceTree = "<group>"; };
		03FCD47D22C256FB009776E6 /* HomeworldApi.swift */ = {isa = PBXFileReference; lastKnownFileType = sourcecode.swift; path = HomeworldApi.swift; sourceTree = "<group>"; };
		03FCD47F22C267C9009776E6 /* Vehicle.swift */ = {isa = PBXFileReference; lastKnownFileType = sourcecode.swift; path = Vehicle.swift; sourceTree = "<group>"; };
		03FCD48122C26E16009776E6 /* VehicleApi.swift */ = {isa = PBXFileReference; lastKnownFileType = sourcecode.swift; path = VehicleApi.swift; sourceTree = "<group>"; };
		03FCD48322C2EC1D009776E6 /* Starship.swift */ = {isa = PBXFileReference; lastKnownFileType = sourcecode.swift; path = Starship.swift; sourceTree = "<group>"; };
		03FCD48522C2ED84009776E6 /* StarshipApi.swift */ = {isa = PBXFileReference; lastKnownFileType = sourcecode.swift; path = StarshipApi.swift; sourceTree = "<group>"; };
		AF69CBA63B1F29D276810613 /* Pods-StarTrivia.release.xcconfig */ = {isa = PBXFileReference; includeInIndex = 1; lastKnownFileType = text.xcconfig; name = "Pods-StarTrivia.release.xcconfig"; path = "Target Support Files/Pods-StarTrivia/Pods-StarTrivia.release.xcconfig"; sourceTree = "<group>"; };
		B6F842E007AC4149246C4C7A /* Pods_StarTrivia.framework */ = {isa = PBXFileReference; explicitFileType = wrapper.framework; includeInIndex = 0; path = Pods_StarTrivia.framework; sourceTree = BUILT_PRODUCTS_DIR; };
		D72509046E1D896056F5A656 /* Pods-StarTrivia.debug.xcconfig */ = {isa = PBXFileReference; includeInIndex = 1; lastKnownFileType = text.xcconfig; name = "Pods-StarTrivia.debug.xcconfig"; path = "Target Support Files/Pods-StarTrivia/Pods-StarTrivia.debug.xcconfig"; sourceTree = "<group>"; };
/* End PBXFileReference section */

/* Begin PBXFrameworksBuildPhase section */
		031B2A1522BE24D400C0B5B8 /* Frameworks */ = {
			isa = PBXFrameworksBuildPhase;
			buildActionMask = 2147483647;
			files = (
				DC2D147AE79E74996A81CE13 /* Pods_StarTrivia.framework in Frameworks */,
			);
			runOnlyForDeploymentPostprocessing = 0;
		};
/* End PBXFrameworksBuildPhase section */

/* Begin PBXGroup section */
		031B2A0F22BE24D400C0B5B8 = {
			isa = PBXGroup;
			children = (
				031B2A1A22BE24D400C0B5B8 /* StarTrivia */,
				031B2A1922BE24D400C0B5B8 /* Products */,
				41A786B7635168974D40C81E /* Pods */,
				0C921CF7A0C9F8D10F32E3F9 /* Frameworks */,
			);
			sourceTree = "<group>";
		};
		031B2A1922BE24D400C0B5B8 /* Products */ = {
			isa = PBXGroup;
			children = (
				031B2A1822BE24D400C0B5B8 /* StarTrivia.app */,
			);
			name = Products;
			sourceTree = "<group>";
		};
		031B2A1A22BE24D400C0B5B8 /* StarTrivia */ = {
			isa = PBXGroup;
			children = (
				031B2A3722BE2CFF00C0B5B8 /* Model */,
				031B2A3622BE2CFA00C0B5B8 /* View */,
				031B2A3522BE2CE300C0B5B8 /* Controller */,
				031B2A1B22BE24D400C0B5B8 /* AppDelegate.swift */,
				031B2A3D22BEF3E100C0B5B8 /* Servises */,
				031B2A3A22BE654800C0B5B8 /* Utils */,
				031B2A3422BE2CB000C0B5B8 /* Resources */,
				031B2A1F22BE24D400C0B5B8 /* Main.storyboard */,
				031B2A2222BE24D700C0B5B8 /* Assets.xcassets */,
				031B2A2422BE24D700C0B5B8 /* LaunchScreen.storyboard */,
				031B2A2722BE24D700C0B5B8 /* Info.plist */,
			);
			path = StarTrivia;
			sourceTree = "<group>";
		};
		031B2A3322BE2C8700C0B5B8 /* Fonts */ = {
			isa = PBXGroup;
			children = (
				031B2A2D22BE2C5B00C0B5B8 /* Starjedi.ttf */,
				031B2A2F22BE2C5C00C0B5B8 /* Starjhol.ttf */,
				031B2A2E22BE2C5B00C0B5B8 /* Starjout.ttf */,
			);
			path = Fonts;
			sourceTree = "<group>";
		};
		031B2A3422BE2CB000C0B5B8 /* Resources */ = {
			isa = PBXGroup;
			children = (
				031B2A3322BE2C8700C0B5B8 /* Fonts */,
			);
			path = Resources;
			sourceTree = "<group>";
		};
		031B2A3522BE2CE300C0B5B8 /* Controller */ = {
			isa = PBXGroup;
			children = (
				031B2A1D22BE24D400C0B5B8 /* SelectPersonVC.swift */,
				031B2A4422BFCC7700C0B5B8 /* HomeworldVC.swift */,
				031B2A4622BFCC9D00C0B5B8 /* VehiclesVC.swift */,
				031B2A4822BFCCD200C0B5B8 /* StarshipsVC.swift */,
				031B2A4A22BFCD0700C0B5B8 /* FilmsVC.swift */,
			);
			path = Controller;
			sourceTree = "<group>";
		};
		031B2A3622BE2CFA00C0B5B8 /* View */ = {
			isa = PBXGroup;
			children = (
				031B2A3822BE64B800C0B5B8 /* BlackBgView.swift */,
				031B2A4222BFC21300C0B5B8 /* FadeEnabledButton.swift */,
			);
			path = View;
			sourceTree = "<group>";
		};
		031B2A3722BE2CFF00C0B5B8 /* Model */ = {
			isa = PBXGroup;
			children = (
				031B2A4022BF017100C0B5B8 /* Person.swift */,
				03FCD47B22C11BAD009776E6 /* Homeworld.swift */,
				03FCD47F22C267C9009776E6 /* Vehicle.swift */,
				03FCD48322C2EC1D009776E6 /* Starship.swift */,
			);
			path = Model;
			sourceTree = "<group>";
		};
		031B2A3A22BE654800C0B5B8 /* Utils */ = {
			isa = PBXGroup;
			children = (
				031B2A3B22BE659800C0B5B8 /* Constants.swift */,
			);
			path = Utils;
			sourceTree = "<group>";
		};
		031B2A3D22BEF3E100C0B5B8 /* Servises */ = {
			isa = PBXGroup;
			children = (
				031B2A3E22BEF41000C0B5B8 /* PersonApi.swift */,
				03FCD47D22C256FB009776E6 /* HomeworldApi.swift */,
				03FCD48122C26E16009776E6 /* VehicleApi.swift */,
				03FCD48522C2ED84009776E6 /* StarshipApi.swift */,
			);
			path = Servises;
			sourceTree = "<group>";
		};
		0C921CF7A0C9F8D10F32E3F9 /* Frameworks */ = {
			isa = PBXGroup;
			children = (
				B6F842E007AC4149246C4C7A /* Pods_StarTrivia.framework */,
			);
			name = Frameworks;
			sourceTree = "<group>";
		};
		41A786B7635168974D40C81E /* Pods */ = {
			isa = PBXGroup;
			children = (
				D72509046E1D896056F5A656 /* Pods-StarTrivia.debug.xcconfig */,
				AF69CBA63B1F29D276810613 /* Pods-StarTrivia.release.xcconfig */,
			);
			path = Pods;
			sourceTree = "<group>";
		};
/* End PBXGroup section */

/* Begin PBXNativeTarget section */
		031B2A1722BE24D400C0B5B8 /* StarTrivia */ = {
			isa = PBXNativeTarget;
			buildConfigurationList = 031B2A2A22BE24D700C0B5B8 /* Build configuration list for PBXNativeTarget "StarTrivia" */;
			buildPhases = (
				6C71D0C1484D07565CB09B22 /* [CP] Check Pods Manifest.lock */,
				031B2A1422BE24D400C0B5B8 /* Sources */,
				031B2A1522BE24D400C0B5B8 /* Frameworks */,
				031B2A1622BE24D400C0B5B8 /* Resources */,
				5F5555A89468DFA92B38A206 /* [CP] Embed Pods Frameworks */,
			);
			buildRules = (
			);
			dependencies = (
			);
			name = StarTrivia;
			productName = StarTrivia;
			productReference = 031B2A1822BE24D400C0B5B8 /* StarTrivia.app */;
			productType = "com.apple.product-type.application";
		};
/* End PBXNativeTarget section */

/* Begin PBXProject section */
		031B2A1022BE24D400C0B5B8 /* Project object */ = {
			isa = PBXProject;
			attributes = {
				LastSwiftUpdateCheck = 1020;
				LastUpgradeCheck = 1020;
				ORGANIZATIONNAME = "山本裕太";
				TargetAttributes = {
					031B2A1722BE24D400C0B5B8 = {
						CreatedOnToolsVersion = 10.2.1;
					};
				};
			};
			buildConfigurationList = 031B2A1322BE24D400C0B5B8 /* Build configuration list for PBXProject "StarTrivia" */;
			compatibilityVersion = "Xcode 9.3";
			developmentRegion = en;
			hasScannedForEncodings = 0;
			knownRegions = (
				en,
				Base,
			);
			mainGroup = 031B2A0F22BE24D400C0B5B8;
			productRefGroup = 031B2A1922BE24D400C0B5B8 /* Products */;
			projectDirPath = "";
			projectRoot = "";
			targets = (
				031B2A1722BE24D400C0B5B8 /* StarTrivia */,
			);
		};
/* End PBXProject section */

/* Begin PBXResourcesBuildPhase section */
		031B2A1622BE24D400C0B5B8 /* Resources */ = {
			isa = PBXResourcesBuildPhase;
			buildActionMask = 2147483647;
			files = (
				031B2A2622BE24D700C0B5B8 /* LaunchScreen.storyboard in Resources */,
				031B2A3222BE2C5C00C0B5B8 /* Starjhol.ttf in Resources */,
				031B2A2322BE24D700C0B5B8 /* Assets.xcassets in Resources */,
				031B2A3022BE2C5C00C0B5B8 /* Starjedi.ttf in Resources */,
				031B2A3122BE2C5C00C0B5B8 /* Starjout.ttf in Resources */,
				031B2A2122BE24D400C0B5B8 /* Main.storyboard in Resources */,
			);
			runOnlyForDeploymentPostprocessing = 0;
		};
/* End PBXResourcesBuildPhase section */

/* Begin PBXShellScriptBuildPhase section */
		5F5555A89468DFA92B38A206 /* [CP] Embed Pods Frameworks */ = {
			isa = PBXShellScriptBuildPhase;
			buildActionMask = 2147483647;
			files = (
			);
			inputFileListPaths = (
				"${PODS_ROOT}/Target Support Files/Pods-StarTrivia/Pods-StarTrivia-frameworks-${CONFIGURATION}-input-files.xcfilelist",
			);
			name = "[CP] Embed Pods Frameworks";
			outputFileListPaths = (
				"${PODS_ROOT}/Target Support Files/Pods-StarTrivia/Pods-StarTrivia-frameworks-${CONFIGURATION}-output-files.xcfilelist",
			);
			runOnlyForDeploymentPostprocessing = 0;
			shellPath = /bin/sh;
			shellScript = "\"${PODS_ROOT}/Target Support Files/Pods-StarTrivia/Pods-StarTrivia-frameworks.sh\"\n";
			showEnvVarsInLog = 0;
		};
		6C71D0C1484D07565CB09B22 /* [CP] Check Pods Manifest.lock */ = {
			isa = PBXShellScriptBuildPhase;
			buildActionMask = 2147483647;
			files = (
			);
			inputFileListPaths = (
			);
			inputPaths = (
				"${PODS_PODFILE_DIR_PATH}/Podfile.lock",
				"${PODS_ROOT}/Manifest.lock",
			);
			name = "[CP] Check Pods Manifest.lock";
			outputFileListPaths = (
			);
			outputPaths = (
				"$(DERIVED_FILE_DIR)/Pods-StarTrivia-checkManifestLockResult.txt",
			);
			runOnlyForDeploymentPostprocessing = 0;
			shellPath = /bin/sh;
			shellScript = "diff \"${PODS_PODFILE_DIR_PATH}/Podfile.lock\" \"${PODS_ROOT}/Manifest.lock\" > /dev/null\nif [ $? != 0 ] ; then\n    # print error to STDERR\n    echo \"error: The sandbox is not in sync with the Podfile.lock. Run 'pod install' or update your CocoaPods installation.\" >&2\n    exit 1\nfi\n# This output is used by Xcode 'outputs' to avoid re-running this script phase.\necho \"SUCCESS\" > \"${SCRIPT_OUTPUT_FILE_0}\"\n";
			showEnvVarsInLog = 0;
		};
/* End PBXShellScriptBuildPhase section */

/* Begin PBXSourcesBuildPhase section */
		031B2A1422BE24D400C0B5B8 /* Sources */ = {
			isa = PBXSourcesBuildPhase;
			buildActionMask = 2147483647;
			files = (
				031B2A4122BF017100C0B5B8 /* Person.swift in Sources */,
				031B2A4322BFC21300C0B5B8 /* FadeEnabledButton.swift in Sources */,
				031B2A4922BFCCD200C0B5B8 /* StarshipsVC.swift in Sources */,
				03FCD47C22C11BAD009776E6 /* Homeworld.swift in Sources */,
				03FCD48022C267C9009776E6 /* Vehicle.swift in Sources */,
				031B2A4722BFCC9D00C0B5B8 /* VehiclesVC.swift in Sources */,
				03FCD48222C26E16009776E6 /* VehicleApi.swift in Sources */,
				03FCD48622C2ED84009776E6 /* StarshipApi.swift in Sources */,
				03FCD48422C2EC1D009776E6 /* Starship.swift in Sources */,
				03FCD47E22C256FB009776E6 /* HomeworldApi.swift in Sources */,
				031B2A1E22BE24D400C0B5B8 /* SelectPersonVC.swift in Sources */,
				031B2A1C22BE24D400C0B5B8 /* AppDelegate.swift in Sources */,
				031B2A3922BE64B800C0B5B8 /* BlackBgView.swift in Sources */,
				031B2A3F22BEF41000C0B5B8 /* PersonApi.swift in Sources */,
				031B2A4B22BFCD0700C0B5B8 /* FilmsVC.swift in Sources */,
				031B2A4522BFCC7700C0B5B8 /* HomeworldVC.swift in Sources */,
				031B2A3C22BE659800C0B5B8 /* Constants.swift in Sources */,
			);
			runOnlyForDeploymentPostprocessing = 0;
		};
/* End PBXSourcesBuildPhase section */

/* Begin PBXVariantGroup section */
		031B2A1F22BE24D400C0B5B8 /* Main.storyboard */ = {
			isa = PBXVariantGroup;
			children = (
				031B2A2022BE24D400C0B5B8 /* Base */,
			);
			name = Main.storyboard;
			sourceTree = "<group>";
		};
		031B2A2422BE24D700C0B5B8 /* LaunchScreen.storyboard */ = {
			isa = PBXVariantGroup;
			children = (
				031B2A2522BE24D700C0B5B8 /* Base */,
			);
			name = LaunchScreen.storyboard;
			sourceTree = "<group>";
		};
/* End PBXVariantGroup section */

/* Begin XCBuildConfiguration section */
		031B2A2822BE24D700C0B5B8 /* Debug */ = {
			isa = XCBuildConfiguration;
			buildSettings = {
				ALWAYS_SEARCH_USER_PATHS = NO;
				CLANG_ANALYZER_NONNULL = YES;
				CLANG_ANALYZER_NUMBER_OBJECT_CONVERSION = YES_AGGRESSIVE;
				CLANG_CXX_LANGUAGE_STANDARD = "gnu++14";
				CLANG_CXX_LIBRARY = "libc++";
				CLANG_ENABLE_MODULES = YES;
				CLANG_ENABLE_OBJC_ARC = YES;
				CLANG_ENABLE_OBJC_WEAK = YES;
				CLANG_WARN_BLOCK_CAPTURE_AUTORELEASING = YES;
				CLANG_WARN_BOOL_CONVERSION = YES;
				CLANG_WARN_COMMA = YES;
				CLANG_WARN_CONSTANT_CONVERSION = YES;
				CLANG_WARN_DEPRECATED_OBJC_IMPLEMENTATIONS = YES;
				CLANG_WARN_DIRECT_OBJC_ISA_USAGE = YES_ERROR;
				CLANG_WARN_DOCUMENTATION_COMMENTS = YES;
				CLANG_WARN_EMPTY_BODY = YES;
				CLANG_WARN_ENUM_CONVERSION = YES;
				CLANG_WARN_INFINITE_RECURSION = YES;
				CLANG_WARN_INT_CONVERSION = YES;
				CLANG_WARN_NON_LITERAL_NULL_CONVERSION = YES;
				CLANG_WARN_OBJC_IMPLICIT_RETAIN_SELF = YES;
				CLANG_WARN_OBJC_LITERAL_CONVERSION = YES;
				CLANG_WARN_OBJC_ROOT_CLASS = YES_ERROR;
				CLANG_WARN_RANGE_LOOP_ANALYSIS = YES;
				CLANG_WARN_STRICT_PROTOTYPES = YES;
				CLANG_WARN_SUSPICIOUS_MOVE = YES;
				CLANG_WARN_UNGUARDED_AVAILABILITY = YES_AGGRESSIVE;
				CLANG_WARN_UNREACHABLE_CODE = YES;
				CLANG_WARN__DUPLICATE_METHOD_MATCH = YES;
				CODE_SIGN_IDENTITY = "iPhone Developer";
				COPY_PHASE_STRIP = NO;
				DEBUG_INFORMATION_FORMAT = dwarf;
				ENABLE_STRICT_OBJC_MSGSEND = YES;
				ENABLE_TESTABILITY = YES;
				GCC_C_LANGUAGE_STANDARD = gnu11;
				GCC_DYNAMIC_NO_PIC = NO;
				GCC_NO_COMMON_BLOCKS = YES;
				GCC_OPTIMIZATION_LEVEL = 0;
				GCC_PREPROCESSOR_DEFINITIONS = (
					"DEBUG=1",
					"$(inherited)",
				);
				GCC_WARN_64_TO_32_BIT_CONVERSION = YES;
				GCC_WARN_ABOUT_RETURN_TYPE = YES_ERROR;
				GCC_WARN_UNDECLARED_SELECTOR = YES;
				GCC_WARN_UNINITIALIZED_AUTOS = YES_AGGRESSIVE;
				GCC_WARN_UNUSED_FUNCTION = YES;
				GCC_WARN_UNUSED_VARIABLE = YES;
				IPHONEOS_DEPLOYMENT_TARGET = 12.2;
				MTL_ENABLE_DEBUG_INFO = INCLUDE_SOURCE;
				MTL_FAST_MATH = YES;
				ONLY_ACTIVE_ARCH = YES;
				SDKROOT = iphoneos;
				SWIFT_ACTIVE_COMPILATION_CONDITIONS = DEBUG;
				SWIFT_OPTIMIZATION_LEVEL = "-Onone";
			};
			name = Debug;
		};
		031B2A2922BE24D700C0B5B8 /* Release */ = {
			isa = XCBuildConfiguration;
			buildSettings = {
				ALWAYS_SEARCH_USER_PATHS = NO;
				CLANG_ANALYZER_NONNULL = YES;
				CLANG_ANALYZER_NUMBER_OBJECT_CONVERSION = YES_AGGRESSIVE;
				CLANG_CXX_LANGUAGE_STANDARD = "gnu++14";
				CLANG_CXX_LIBRARY = "libc++";
				CLANG_ENABLE_MODULES = YES;
				CLANG_ENABLE_OBJC_ARC = YES;
				CLANG_ENABLE_OBJC_WEAK = YES;
				CLANG_WARN_BLOCK_CAPTURE_AUTORELEASING = YES;
				CLANG_WARN_BOOL_CONVERSION = YES;
				CLANG_WARN_COMMA = YES;
				CLANG_WARN_CONSTANT_CONVERSION = YES;
				CLANG_WARN_DEPRECATED_OBJC_IMPLEMENTATIONS = YES;
				CLANG_WARN_DIRECT_OBJC_ISA_USAGE = YES_ERROR;
				CLANG_WARN_DOCUMENTATION_COMMENTS = YES;
				CLANG_WARN_EMPTY_BODY = YES;
				CLANG_WARN_ENUM_CONVERSION = YES;
				CLANG_WARN_INFINITE_RECURSION = YES;
				CLANG_WARN_INT_CONVERSION = YES;
				CLANG_WARN_NON_LITERAL_NULL_CONVERSION = YES;
				CLANG_WARN_OBJC_IMPLICIT_RETAIN_SELF = YES;
				CLANG_WARN_OBJC_LITERAL_CONVERSION = YES;
				CLANG_WARN_OBJC_ROOT_CLASS = YES_ERROR;
				CLANG_WARN_RANGE_LOOP_ANALYSIS = YES;
				CLANG_WARN_STRICT_PROTOTYPES = YES;
				CLANG_WARN_SUSPICIOUS_MOVE = YES;
				CLANG_WARN_UNGUARDED_AVAILABILITY = YES_AGGRESSIVE;
				CLANG_WARN_UNREACHABLE_CODE = YES;
				CLANG_WARN__DUPLICATE_METHOD_MATCH = YES;
				CODE_SIGN_IDENTITY = "iPhone Developer";
				COPY_PHASE_STRIP = NO;
				DEBUG_INFORMATION_FORMAT = "dwarf-with-dsym";
				ENABLE_NS_ASSERTIONS = NO;
				ENABLE_STRICT_OBJC_MSGSEND = YES;
				GCC_C_LANGUAGE_STANDARD = gnu11;
				GCC_NO_COMMON_BLOCKS = YES;
				GCC_WARN_64_TO_32_BIT_CONVERSION = YES;
				GCC_WARN_ABOUT_RETURN_TYPE = YES_ERROR;
				GCC_WARN_UNDECLARED_SELECTOR = YES;
				GCC_WARN_UNINITIALIZED_AUTOS = YES_AGGRESSIVE;
				GCC_WARN_UNUSED_FUNCTION = YES;
				GCC_WARN_UNUSED_VARIABLE = YES;
				IPHONEOS_DEPLOYMENT_TARGET = 12.2;
				MTL_ENABLE_DEBUG_INFO = NO;
				MTL_FAST_MATH = YES;
				SDKROOT = iphoneos;
				SWIFT_COMPILATION_MODE = wholemodule;
				SWIFT_OPTIMIZATION_LEVEL = "-O";
				VALIDATE_PRODUCT = YES;
			};
			name = Release;
		};
		031B2A2B22BE24D700C0B5B8 /* Debug */ = {
			isa = XCBuildConfiguration;
			baseConfigurationReference = D72509046E1D896056F5A656 /* Pods-StarTrivia.debug.xcconfig */;
			buildSettings = {
				ASSETCATALOG_COMPILER_APPICON_NAME = AppIcon;
				CODE_SIGN_STYLE = Automatic;
				INFOPLIST_FILE = StarTrivia/Info.plist;
				LD_RUNPATH_SEARCH_PATHS = (
					"$(inherited)",
					"@executable_path/Frameworks",
				);
				PRODUCT_BUNDLE_IDENTIFIER = com.example.StarTrivia;
				PRODUCT_NAME = "$(TARGET_NAME)";
				SWIFT_VERSION = 5.0;
				TARGETED_DEVICE_FAMILY = "1,2";
			};
			name = Debug;
		};
		031B2A2C22BE24D700C0B5B8 /* Release */ = {
			isa = XCBuildConfiguration;
			baseConfigurationReference = AF69CBA63B1F29D276810613 /* Pods-StarTrivia.release.xcconfig */;
			buildSettings = {
				ASSETCATALOG_COMPILER_APPICON_NAME = AppIcon;
				CODE_SIGN_STYLE = Automatic;
				INFOPLIST_FILE = StarTrivia/Info.plist;
				LD_RUNPATH_SEARCH_PATHS = (
					"$(inherited)",
					"@executable_path/Frameworks",
				);
				PRODUCT_BUNDLE_IDENTIFIER = com.example.StarTrivia;
				PRODUCT_NAME = "$(TARGET_NAME)";
				SWIFT_VERSION = 5.0;
				TARGETED_DEVICE_FAMILY = "1,2";
			};
			name = Release;
		};
/* End XCBuildConfiguration section */

/* Begin XCConfigurationList section */
		031B2A1322BE24D400C0B5B8 /* Build configuration list for PBXProject "StarTrivia" */ = {
			isa = XCConfigurationList;
			buildConfigurations = (
				031B2A2822BE24D700C0B5B8 /* Debug */,
				031B2A2922BE24D700C0B5B8 /* Release */,
			);
			defaultConfigurationIsVisible = 0;
			defaultConfigurationName = Release;
		};
		031B2A2A22BE24D700C0B5B8 /* Build configuration list for PBXNativeTarget "StarTrivia" */ = {
			isa = XCConfigurationList;
			buildConfigurations = (
				031B2A2B22BE24D700C0B5B8 /* Debug */,
				031B2A2C22BE24D700C0B5B8 /* Release */,
			);
			defaultConfigurationIsVisible = 0;
			defaultConfigurationName = Release;
		};
/* End XCConfigurationList section */
	};
	rootObject = 031B2A1022BE24D400C0B5B8 /* Project object */;
}
